
Microsoft Visual Studio Solution File, Format Version 12.00
# Visual Studio 2012
Project("{f2a71f9b-5d33-465a-a702-920d77279786}") = "Travels", "Travels\Travels.fsproj", "{971B6D20-3CC8-4C20-AA9D-F9D084ED1398}"
EndProject
Global
	GlobalSection(SolutionConfigurationPlatforms) = preSolution
		Debug|Any CPU = Debug|Any CPU
		Release|Any CPU = Release|Any CPU
	EndGlobalSection
	GlobalSection(ProjectConfigurationPlatforms) = postSolution
		{971B6D20-3CC8-4C20-AA9D-F9D084ED1398}.Debug|Any CPU.ActiveCfg = Debug|Any CPU
		{971B6D20-3CC8-4C20-AA9D-F9D084ED1398}.Debug|Any CPU.Build.0 = Debug|Any CPU
		{971B6D20-3CC8-4C20-AA9D-F9D084ED1398}.Release|Any CPU.ActiveCfg = Release|Any CPU
		{971B6D20-3CC8-4C20-AA9D-F9D084ED1398}.Release|Any CPU.Build.0 = Release|Any CPU
	EndGlobalSection
EndGlobal
